
Microsoft Visual Studio Solution File, Format Version 12.00
# Visual Studio Version 17
VisualStudioVersion = 17.13.35931.197 d17.13
MinimumVisualStudioVersion = 10.0.40219.1
Project("{FAE04EC0-301F-11D3-BF4B-00C04F79EFBC}") = "TimViec", "WebApplication4\TimViec.csproj", "{7967130E-FDDA-47BE-AD2B-C65095163BF5}"
EndProject
Global
	GlobalSection(SolutionConfigurationPlatforms) = preSolution
		Debug|Any CPU = Debug|Any CPU
		Release|Any CPU = Release|Any CPU
	EndGlobalSection
	GlobalSection(ProjectConfigurationPlatforms) = postSolution
		{7967130E-FDDA-47BE-AD2B-C65095163BF5}.Debug|Any CPU.ActiveCfg = Debug|Any CPU
		{7967130E-FDDA-47BE-AD2B-C65095163BF5}.Debug|Any CPU.Build.0 = Debug|Any CPU
		{7967130E-FDDA-47BE-AD2B-C65095163BF5}.Release|Any CPU.ActiveCfg = Release|Any CPU
		{7967130E-FDDA-47BE-AD2B-C65095163BF5}.Release|Any CPU.Build.0 = Release|Any CPU
	EndGlobalSection
	GlobalSection(SolutionProperties) = preSolution
		HideSolutionNode = FALSE
	EndGlobalSection
	GlobalSection(ExtensibilityGlobals) = postSolution
		SolutionGuid = {3FE36BF0-1BBC-4AB1-8D12-4E7263A8C0D1}
	EndGlobalSection
EndGlobal
